
Microsoft Visual Studio Solution File, Format Version 12.00
# Visual Studio 2012
Project("{FAE04EC0-301F-11D3-BF4B-00C04F79EFBC}") = "Kurs2.0", "Kurs2.0\Kurs2.0.csproj", "{BECFF547-18EE-4834-8D72-999BA6796396}"
EndProject
Global
	GlobalSection(SolutionConfigurationPlatforms) = preSolution
		Debug|Any CPU = Debug|Any CPU
		Release|Any CPU = Release|Any CPU
	EndGlobalSection
	GlobalSection(ProjectConfigurationPlatforms) = postSolution
		{BECFF547-18EE-4834-8D72-999BA6796396}.Debug|Any CPU.ActiveCfg = Debug|Any CPU
		{BECFF547-18EE-4834-8D72-999BA6796396}.Debug|Any CPU.Build.0 = Debug|Any CPU
		{BECFF547-18EE-4834-8D72-999BA6796396}.Release|Any CPU.ActiveCfg = Release|Any CPU
		{BECFF547-18EE-4834-8D72-999BA6796396}.Release|Any CPU.Build.0 = Release|Any CPU
	EndGlobalSection
	GlobalSection(SolutionProperties) = preSolution
		HideSolutionNode = FALSE
	EndGlobalSection
	GlobalSection(Performance) = preSolution
		HasPerformanceSessions = true
	EndGlobalSection
EndGlobal
